PODS:
  - Alamofire (4.8.1)
  - iCarousel (1.8.3)
  - ImageLoader (0.14.0)
  - Nimble (7.3.3)
  - PKHUD (5.2.1)
  - Quick (1.3.4)

DEPENDENCIES:
  - Alamofire
  - iCarousel (~> 1.8)
  - ImageLoader
  - Nimble
  - PKHUD
  - Quick

SPEC REPOS:
  https://github.com/cocoapods/specs.git:
    - Alamofire
    - iCarousel
    - ImageLoader
    - Nimble
    - PKHUD
    - Quick

SPEC CHECKSUMS:
  Alamofire: 16ce2c353fb72865124ddae8a57c5942388f4f11
  iCarousel: d782f635afac190c49bb8ee455882284cff8b85f
  ImageLoader: 56f57e35d6ed26a74183dc2e472133b4b22eb7b9
  Nimble: 3b434b1e7d0a92603a13550a82880b0d952f518e
  PKHUD: 4e6162c4c39ac367c6934e9855c6b4762ee16256
  Quick: f4f7f063c524394c73ed93ac70983c609805d481

PODFILE CHECKSUM: fd657ba214dbc67965bfda2296bce4aaa1de82d3

COCOAPODS: 1.6.0
